hash: 8ed0770421c781e49c2247bfe44c9459dca949d1626d0513b75845185bcdb4f9
updated: 2017-07-12T13:43:29.152826773+09:00
imports:
- name: github.com/ardielle/ardielle-go
  version: 7d2a39380f7e6beef97bc5462144d6cf902a7ff3
  subpackages:
  - rdl
- name: github.com/golang/protobuf
  version: 0a4f71a498b7c4812f64969510bcb4eca251e33a
  subpackages:
  - proto
  - proto/testdata
  - protoc-gen-go/descriptor
  - protoc-gen-go/generator
  - protoc-gen-go/grpc
  - protoc-gen-go/plugin
  - ptypes/any
  - ptypes/duration
  - ptypes/struct
  - ptypes/timestamp
  - ptypes/wrappers
- name: github.com/jessevdk/go-flags
  version: 5695738f733662da3e9afc2283bba6f3c879002d
- name: github.com/pkg/errors
  version: c605e284fe17294bda444b34710735b29d1a9d90
- name: github.com/Sirupsen/logrus
  version: 7f976d3a76720c4c27af2ba716b85d2e0a7e38b1
- name: github.com/yahoo/athenz
  version: cc53e4123d013b18cfe3540d98bc3cb73c2adfe2
  subpackages:
  - clients/go/zts
  - libs/go/zmssvctoken
- name: golang.org/x/sys
  version: abf9c25f54453410d0c6668e519582a9e1115027
  subpackages:
  - unix
- name: gopkg.in/ini.v1
  version: d3de07a94d22b4a0972deb4b96d790c2c0ce8333
testImports:
- name: golang.org/x/sync
  version: f52d1811a62927559de87708c8913c1650ce4f26
  subpackages:
  - errgroup
