hash: 9bb4e3ada8f4600dcda9f09cbf67ebff112d228d01e2adee027c62d732dfaee2
updated: 2017-05-18T22:36:21.83340241+09:00
imports:
- name: github.com/golang/protobuf
  version: fec3b39b059c0f88fa6b20f5ed012b1aa203a8b4
  subpackages:
  - proto
  - proto/testdata
  - protoc-gen-go/descriptor
  - protoc-gen-go/generator
  - protoc-gen-go/grpc
  - protoc-gen-go/plugin
  - ptypes/any
  - ptypes/duration
  - ptypes/struct
  - ptypes/timestamp
  - ptypes/wrappers
- name: github.com/pkg/errors
  version: c605e284fe17294bda444b34710735b29d1a9d90
- name: gopkg.in/ini.v1
  version: 36da989cdc560b989d8f195aec46214d33665d20
testImports:
- name: golang.org/x/sync
  version: f52d1811a62927559de87708c8913c1650ce4f26
  subpackages:
  - errgroup
