hash: 0dfeca20baf4e873b1f48400ff213ac7ca274ebcf9ba1a709c2d58cfad6fb4ca
updated: 2018-03-08T15:33:17.390292-05:00
imports:
- name: github.com/ardielle/ardielle-go
  version: eceec2d93a832e111f4e0f7dd58adcf95a616038
  subpackages:
  - rdl
- name: github.com/golang/protobuf
  version: bbd03ef6da3a115852eaf24c8a1c46aeb39aa175
  subpackages:
  - proto
  - proto/testdata
  - protoc-gen-go/descriptor
  - protoc-gen-go/generator
  - protoc-gen-go/grpc
  - protoc-gen-go/plugin
  - ptypes/any
  - ptypes/duration
  - ptypes/struct
  - ptypes/timestamp
  - ptypes/wrappers
- name: github.com/jessevdk/go-flags
  version: f88afde2fa19a30cf50ba4b05b3d13bc6bae3079
- name: github.com/pkg/errors
  version: 30136e27e2ac8d167177e8a583aa4c3fea5be833
- name: github.com/sirupsen/logrus
  version: f4ee69125072b22721efbe639bd0da9c9d19b8cc
- name: github.com/yahoo/athenz
  version: 8f77959f35d146f2042d4feca72b82c165e351e7
  subpackages:
  - clients/go/zts
  - libs/go/zmssvctoken
- name: golang.org/x/crypto
  version: c7dcf104e3a7a1417abc0230cb0d5240d764159d
  subpackages:
  - ssh/terminal
- name: golang.org/x/sys
  version: 7dca6fe1f43775aa6d1334576870ff63f978f539
  subpackages:
  - unix
  - windows
- name: gopkg.in/ini.v1
  version: 6333e38ac20b8949a8dd68baa3650f4dee8f39f0
testImports:
- name: golang.org/x/sync
  version: fd80eb99c8f653c847d294a001bdf2a3a6f768f5
  subpackages:
  - errgroup
